
Microsoft Visual Studio Solution File, Format Version 12.00
# Visual Studio Version 17
VisualStudioVersion = 17.9.34728.123
MinimumVisualStudioVersion = 10.0.40219.1
Project("{9A19103F-16F7-4668-BE54-9A1E7A4F7556}") = "MauiBlazor", "MauiBlazor\MauiBlazor.csproj", "{271A5648-99E9-4ED7-AD01-AB04A89111F7}"
EndProject
Project("{9A19103F-16F7-4668-BE54-9A1E7A4F7556}") = "ApiClient", "..\MauiWebview\APIClient\ApiClient.csproj", "{FD9E2F23-EFB8-4929-8CFC-B8BBD9680084}"
EndProject
Project("{9A19103F-16F7-4668-BE54-9A1E7A4F7556}") = "WebAPI", "..\MauiWebview\WebAPI\WebAPI.csproj", "{D6D5AD82-688F-4642-93E3-FD0F16436CFC}"
EndProject
Global
	GlobalSection(SolutionConfigurationPlatforms) = preSolution
		Debug|Any CPU = Debug|Any CPU
		Release|Any CPU = Release|Any CPU
	EndGlobalSection
	GlobalSection(ProjectConfigurationPlatforms) = postSolution
		{271A5648-99E9-4ED7-AD01-AB04A89111F7}.Debug|Any CPU.ActiveCfg = Debug|Any CPU
		{271A5648-99E9-4ED7-AD01-AB04A89111F7}.Debug|Any CPU.Build.0 = Debug|Any CPU
		{271A5648-99E9-4ED7-AD01-AB04A89111F7}.Debug|Any CPU.Deploy.0 = Debug|Any CPU
		{271A5648-99E9-4ED7-AD01-AB04A89111F7}.Release|Any CPU.ActiveCfg = Release|Any CPU
		{271A5648-99E9-4ED7-AD01-AB04A89111F7}.Release|Any CPU.Build.0 = Release|Any CPU
		{271A5648-99E9-4ED7-AD01-AB04A89111F7}.Release|Any CPU.Deploy.0 = Release|Any CPU
		{FD9E2F23-EFB8-4929-8CFC-B8BBD9680084}.Debug|Any CPU.ActiveCfg = Debug|Any CPU
		{FD9E2F23-EFB8-4929-8CFC-B8BBD9680084}.Debug|Any CPU.Build.0 = Debug|Any CPU
		{FD9E2F23-EFB8-4929-8CFC-B8BBD9680084}.Release|Any CPU.ActiveCfg = Release|Any CPU
		{FD9E2F23-EFB8-4929-8CFC-B8BBD9680084}.Release|Any CPU.Build.0 = Release|Any CPU
		{D6D5AD82-688F-4642-93E3-FD0F16436CFC}.Debug|Any CPU.ActiveCfg = Debug|Any CPU
		{D6D5AD82-688F-4642-93E3-FD0F16436CFC}.Debug|Any CPU.Build.0 = Debug|Any CPU
		{D6D5AD82-688F-4642-93E3-FD0F16436CFC}.Release|Any CPU.ActiveCfg = Release|Any CPU
		{D6D5AD82-688F-4642-93E3-FD0F16436CFC}.Release|Any CPU.Build.0 = Release|Any CPU
	EndGlobalSection
	GlobalSection(SolutionProperties) = preSolution
		HideSolutionNode = FALSE
	EndGlobalSection
	GlobalSection(ExtensibilityGlobals) = postSolution
		SolutionGuid = {F4826760-6884-4D6A-85A3-E65862EAAB45}
	EndGlobalSection
EndGlobal
